
Microsoft Visual Studio Solution File, Format Version 12.00
# Visual Studio Version 17
VisualStudioVersion = 17.14.36221.1 d17.14
MinimumVisualStudioVersion = 10.0.40219.1
Project("{FAE04EC0-301F-11D3-BF4B-00C04F79EFBC}") = "SampleAPI", "SampleAPI.csproj", "{ED484826-EA68-47E6-B7A2-2053E5DF07C9}"
EndProject
Global
	GlobalSection(SolutionConfigurationPlatforms) = preSolution
		Debug|Any CPU = Debug|Any CPU
		Release|Any CPU = Release|Any CPU
	EndGlobalSection
	GlobalSection(ProjectConfigurationPlatforms) = postSolution
		{ED484826-EA68-47E6-B7A2-2053E5DF07C9}.Debug|Any CPU.ActiveCfg = Debug|Any CPU
		{ED484826-EA68-47E6-B7A2-2053E5DF07C9}.Debug|Any CPU.Build.0 = Debug|Any CPU
		{ED484826-EA68-47E6-B7A2-2053E5DF07C9}.Release|Any CPU.ActiveCfg = Release|Any CPU
		{ED484826-EA68-47E6-B7A2-2053E5DF07C9}.Release|Any CPU.Build.0 = Release|Any CPU
	EndGlobalSection
	GlobalSection(SolutionProperties) = preSolution
		HideSolutionNode = FALSE
	EndGlobalSection
	GlobalSection(ExtensibilityGlobals) = postSolution
		SolutionGuid = {09193688-842A-4B3F-ACD5-7B66F097C312}
	EndGlobalSection
EndGlobal
